{
  "pins" : [
    {
      "identity" : "alamofire",
      "kind" : "remoteSourceControl",
      "location" : "https://github.com/Alamofire/Alamofire.git",
      "state" : {
        "revision" : "f455c2975872ccd2d9c81594c658af65716e9b9a",
        "version" : "5.9.1"
      }
    },
    {
      "identity" : "swiftybeaver",
      "kind" : "remoteSourceControl",
      "location" : "https://github.com/SwiftyBeaver/SwiftyBeaver",
      "state" : {
        "revision" : "8cba041db09596183331d123f337d0eb2e6e8e91",
        "version" : "2.1.1"
      }
    }
  ],
  "version" : 2
}
