// !$*UTF8*$!
{
	archiveVersion = 1;
	classes = {
	};
	objectVersion = 56;
	objects = {

/* Begin PBXBuildFile section */
		997C8E752C44CEED00470C42 /* LoggingService.swift in Sources */ = {isa = PBXBuildFile; fileRef = 997C8E742C44CEE700470C42 /* LoggingService.swift */; };
		997C8E782C44CF0C00470C42 /* LoggingProtocol.swift in Sources */ = {isa = PBXBuildFile; fileRef = 997C8E772C44CF0500470C42 /* LoggingProtocol.swift */; };
		997C8E7B2C44CF4400470C42 /* SwiftyBeaver in Frameworks */ = {isa = PBXBuildFile; productRef = 997C8E7A2C44CF4400470C42 /* SwiftyBeaver */; };
		997C8E7D2C44DA8200470C42 /* LocationManagerDelegate.swift in Sources */ = {isa = PBXBuildFile; fileRef = 997C8E7C2C44DA7D00470C42 /* LocationManagerDelegate.swift */; };
		997C8E7F2C44DAE000470C42 /* LocationView.swift in Sources */ = {isa = PBXBuildFile; fileRef = 997C8E7E2C44DADD00470C42 /* LocationView.swift */; };
		997C8E832C44DDA300470C42 /* WeatherManagerProtocol.swift in Sources */ = {isa = PBXBuildFile; fileRef = 997C8E822C44DD9D00470C42 /* WeatherManagerProtocol.swift */; };
		997C8E862C44E21E00470C42 /* DateUtility.swift in Sources */ = {isa = PBXBuildFile; fileRef = 997C8E852C44E21700470C42 /* DateUtility.swift */; };
		99F9715C2C3FB7B300DCEC51 /* WeatherView.swift in Sources */ = {isa = PBXBuildFile; fileRef = 99F9715B2C3FB7AF00DCEC51 /* WeatherView.swift */; };
		99F9715F2C3FB7D500DCEC51 /* WeatherManager.swift in Sources */ = {isa = PBXBuildFile; fileRef = 99F9715E2C3FB7D200DCEC51 /* WeatherManager.swift */; };
		99F971612C3FBEF700DCEC51 /* OpenWeatherManager.swift in Sources */ = {isa = PBXBuildFile; fileRef = 99F971602C3FBEEA00DCEC51 /* OpenWeatherManager.swift */; };
		99F971652C40C70F00DCEC51 /* EnvManager.swift in Sources */ = {isa = PBXBuildFile; fileRef = 99F971642C40C70C00DCEC51 /* EnvManager.swift */; };
		99F971712C40DE4400DCEC51 /* PenmenCalculation.swift in Sources */ = {isa = PBXBuildFile; fileRef = 99F971702C40DE3D00DCEC51 /* PenmenCalculation.swift */; };
		99F971782C40E49C00DCEC51 /* TableView.swift in Sources */ = {isa = PBXBuildFile; fileRef = 99F971772C40E49A00DCEC51 /* TableView.swift */; };
		99F9717D2C40E57100DCEC51 /* BestTimeView.swift in Sources */ = {isa = PBXBuildFile; fileRef = 99F9717C2C40E56E00DCEC51 /* BestTimeView.swift */; };
		99F971812C40E58B00DCEC51 /* ChooseDayView.swift in Sources */ = {isa = PBXBuildFile; fileRef = 99F971802C40E58800DCEC51 /* ChooseDayView.swift */; };
		99F971852C40E59C00DCEC51 /* Weather.swift in Sources */ = {isa = PBXBuildFile; fileRef = 99F971842C40E59700DCEC51 /* Weather.swift */; };
		A25E94392C44C870008E922B /* LocationManager.swift in Sources */ = {isa = PBXBuildFile; fileRef = A25E94382C44C870008E922B /* LocationManager.swift */; };
		A25E943B2C44C889008E922B /* WeatherViewModel.swift in Sources */ = {isa = PBXBuildFile; fileRef = A25E943A2C44C889008E922B /* WeatherViewModel.swift */; };
		F17B09502C3E451800887541 /* Blue2App.swift in Sources */ = {isa = PBXBuildFile; fileRef = F17B094F2C3E451800887541 /* Blue2App.swift */; };
		F17B09522C3E451800887541 /* ContentView.swift in Sources */ = {isa = PBXBuildFile; fileRef = F17B09512C3E451800887541 /* ContentView.swift */; };
		F17B09542C3E451900887541 /* Assets.xcassets in Resources */ = {isa = PBXBuildFile; fileRef = F17B09532C3E451900887541 /* Assets.xcassets */; };
		F17B09582C3E451900887541 /* Preview Assets.xcassets in Resources */ = {isa = PBXBuildFile; fileRef = F17B09572C3E451900887541 /* Preview Assets.xcassets */; };
/* End PBXBuildFile section */

/* Begin PBXCopyFilesBuildPhase section */
		99F9716F2C40D1D100DCEC51 /* Embed Frameworks */ = {
			isa = PBXCopyFilesBuildPhase;
			buildActionMask = 2147483647;
			dstPath = "";
			dstSubfolderSpec = 10;
			files = (
			);
			name = "Embed Frameworks";
			runOnlyForDeploymentPostprocessing = 0;
		};
/* End PBXCopyFilesBuildPhase section */

/* Begin PBXFileReference section */
		997C8E742C44CEE700470C42 /* LoggingService.swift */ = {isa = PBXFileReference; lastKnownFileType = sourcecode.swift; path = LoggingService.swift; sourceTree = "<group>"; };
		997C8E772C44CF0500470C42 /* LoggingProtocol.swift */ = {isa = PBXFileReference; lastKnownFileType = sourcecode.swift; path = LoggingProtocol.swift; sourceTree = "<group>"; };
		997C8E7C2C44DA7D00470C42 /* LocationManagerDelegate.swift */ = {isa = PBXFileReference; lastKnownFileType = sourcecode.swift; path = LocationManagerDelegate.swift; sourceTree = "<group>"; };
		997C8E7E2C44DADD00470C42 /* LocationView.swift */ = {isa = PBXFileReference; lastKnownFileType = sourcecode.swift; path = LocationView.swift; sourceTree = "<group>"; };
		997C8E822C44DD9D00470C42 /* WeatherManagerProtocol.swift */ = {isa = PBXFileReference; lastKnownFileType = sourcecode.swift; path = WeatherManagerProtocol.swift; sourceTree = "<group>"; };
		997C8E852C44E21700470C42 /* DateUtility.swift */ = {isa = PBXFileReference; lastKnownFileType = sourcecode.swift; path = DateUtility.swift; sourceTree = "<group>"; };
		99F9715B2C3FB7AF00DCEC51 /* WeatherView.swift */ = {isa = PBXFileReference; lastKnownFileType = sourcecode.swift; path = WeatherView.swift; sourceTree = "<group>"; };
		99F9715E2C3FB7D200DCEC51 /* WeatherManager.swift */ = {isa = PBXFileReference; lastKnownFileType = sourcecode.swift; path = WeatherManager.swift; sourceTree = "<group>"; };
		99F971602C3FBEEA00DCEC51 /* OpenWeatherManager.swift */ = {isa = PBXFileReference; lastKnownFileType = sourcecode.swift; path = OpenWeatherManager.swift; sourceTree = "<group>"; };
		99F971642C40C70C00DCEC51 /* EnvManager.swift */ = {isa = PBXFileReference; lastKnownFileType = sourcecode.swift; path = EnvManager.swift; sourceTree = "<group>"; };
		99F971702C40DE3D00DCEC51 /* PenmenCalculation.swift */ = {isa = PBXFileReference; lastKnownFileType = sourcecode.swift; path = PenmenCalculation.swift; sourceTree = "<group>"; };
		99F971772C40E49A00DCEC51 /* TableView.swift */ = {isa = PBXFileReference; lastKnownFileType = sourcecode.swift; path = TableView.swift; sourceTree = "<group>"; };
		99F9717C2C40E56E00DCEC51 /* BestTimeView.swift */ = {isa = PBXFileReference; lastKnownFileType = sourcecode.swift; path = BestTimeView.swift; sourceTree = "<group>"; };
		99F971802C40E58800DCEC51 /* ChooseDayView.swift */ = {isa = PBXFileReference; lastKnownFileType = sourcecode.swift; path = ChooseDayView.swift; sourceTree = "<group>"; };
		99F971842C40E59700DCEC51 /* Weather.swift */ = {isa = PBXFileReference; lastKnownFileType = sourcecode.swift; path = Weather.swift; sourceTree = "<group>"; };
		A25E94382C44C870008E922B /* LocationManager.swift */ = {isa = PBXFileReference; lastKnownFileType = sourcecode.swift; path = LocationManager.swift; sourceTree = "<group>"; };
		A25E943A2C44C889008E922B /* WeatherViewModel.swift */ = {isa = PBXFileReference; lastKnownFileType = sourcecode.swift; path = WeatherViewModel.swift; sourceTree = "<group>"; };
		F17B094C2C3E451800887541 /* Blue2.app */ = {isa = PBXFileReference; explicitFileType = wrapper.application; includeInIndex = 0; path = Blue2.app; sourceTree = BUILT_PRODUCTS_DIR; };
		F17B094F2C3E451800887541 /* Blue2App.swift */ = {isa = PBXFileReference; lastKnownFileType = sourcecode.swift; path = Blue2App.swift; sourceTree = "<group>"; };
		F17B09512C3E451800887541 /* ContentView.swift */ = {isa = PBXFileReference; lastKnownFileType = sourcecode.swift; path = ContentView.swift; sourceTree = "<group>"; };
		F17B09532C3E451900887541 /* Assets.xcassets */ = {isa = PBXFileReference; lastKnownFileType = folder.assetcatalog; path = Assets.xcassets; sourceTree = "<group>"; };
		F17B09552C3E451900887541 /* Blue2.entitlements */ = {isa = PBXFileReference; lastKnownFileType = text.plist.entitlements; path = Blue2.entitlements; sourceTree = "<group>"; };
		F17B09572C3E451900887541 /* Preview Assets.xcassets */ = {isa = PBXFileReference; lastKnownFileType = folder.assetcatalog; path = "Preview Assets.xcassets"; sourceTree = "<group>"; };
/* End PBXFileReference section */

/* Begin PBXFrameworksBuildPhase section */
		F17B09492C3E451800887541 /* Frameworks */ = {
			isa = PBXFrameworksBuildPhase;
			buildActionMask = 2147483647;
			files = (
				997C8E7B2C44CF4400470C42 /* SwiftyBeaver in Frameworks */,
			);
			runOnlyForDeploymentPostprocessing = 0;
		};
/* End PBXFrameworksBuildPhase section */

/* Begin PBXGroup section */
		997C8E712C44CEC000470C42 /* Services */ = {
			isa = PBXGroup;
			children = (
				997C8E742C44CEE700470C42 /* LoggingService.swift */,
			);
			path = Services;
			sourceTree = "<group>";
		};
		997C8E762C44CEFE00470C42 /* Protocols */ = {
			isa = PBXGroup;
			children = (
				997C8E7C2C44DA7D00470C42 /* LocationManagerDelegate.swift */,
				997C8E822C44DD9D00470C42 /* WeatherManagerProtocol.swift */,
				997C8E772C44CF0500470C42 /* LoggingProtocol.swift */,
			);
			path = Protocols;
			sourceTree = "<group>";
		};
		99F9715D2C3FB7C800DCEC51 /* Managers */ = {
			isa = PBXGroup;
			children = (
				99F971642C40C70C00DCEC51 /* EnvManager.swift */,
				99F971602C3FBEEA00DCEC51 /* OpenWeatherManager.swift */,
				99F9715E2C3FB7D200DCEC51 /* WeatherManager.swift */,
				A25E94382C44C870008E922B /* LocationManager.swift */,
			);
			path = Managers;
			sourceTree = "<group>";
		};
		99F971662C40CA8900DCEC51 /* Utilities */ = {
			isa = PBXGroup;
			children = (
				997C8E852C44E21700470C42 /* DateUtility.swift */,
				99F971702C40DE3D00DCEC51 /* PenmenCalculation.swift */,
			);
			path = Utilities;
			sourceTree = "<group>";
		};
		99F971762C40E48900DCEC51 /* Views */ = {
			isa = PBXGroup;
			children = (
				997C8E7E2C44DADD00470C42 /* LocationView.swift */,
				99F9715B2C3FB7AF00DCEC51 /* WeatherView.swift */,
				99F971772C40E49A00DCEC51 /* TableView.swift */,
				99F9717C2C40E56E00DCEC51 /* BestTimeView.swift */,
				99F971802C40E58800DCEC51 /* ChooseDayView.swift */,
			);
			path = Views;
			sourceTree = "<group>";
		};
		99F9717B2C40E4DB00DCEC51 /* Models */ = {
			isa = PBXGroup;
			children = (
				99F971842C40E59700DCEC51 /* Weather.swift */,
			);
			path = Models;
			sourceTree = "<group>";
		};
		A25E94362C44C84A008E922B /* ViewModels */ = {
			isa = PBXGroup;
			children = (
				A25E943A2C44C889008E922B /* WeatherViewModel.swift */,
			);
			path = ViewModels;
			sourceTree = "<group>";
		};
		F17B09432C3E451800887541 = {
			isa = PBXGroup;
			children = (
				F17B094E2C3E451800887541 /* Blue2 */,
				F17B094D2C3E451800887541 /* Products */,
			);
			sourceTree = "<group>";
		};
		F17B094D2C3E451800887541 /* Products */ = {
			isa = PBXGroup;
			children = (
				F17B094C2C3E451800887541 /* Blue2.app */,
			);
			name = Products;
			sourceTree = "<group>";
		};
		F17B094E2C3E451800887541 /* Blue2 */ = {
			isa = PBXGroup;
			children = (
				997C8E762C44CEFE00470C42 /* Protocols */,
				997C8E712C44CEC000470C42 /* Services */,
				A25E94362C44C84A008E922B /* ViewModels */,
				99F9715D2C3FB7C800DCEC51 /* Managers */,
				99F9717B2C40E4DB00DCEC51 /* Models */,
				99F971762C40E48900DCEC51 /* Views */,
				99F971662C40CA8900DCEC51 /* Utilities */,
				F17B094F2C3E451800887541 /* Blue2App.swift */,
				F17B09512C3E451800887541 /* ContentView.swift */,
				F17B09532C3E451900887541 /* Assets.xcassets */,
				F17B09552C3E451900887541 /* Blue2.entitlements */,
				F17B09562C3E451900887541 /* Preview Content */,
			);
			path = Blue2;
			sourceTree = "<group>";
		};
		F17B09562C3E451900887541 /* Preview Content */ = {
			isa = PBXGroup;
			children = (
				F17B09572C3E451900887541 /* Preview Assets.xcassets */,
			);
			path = "Preview Content";
			sourceTree = "<group>";
		};
/* End PBXGroup section */

/* Begin PBXNativeTarget section */
		F17B094B2C3E451800887541 /* Blue2 */ = {
			isa = PBXNativeTarget;
			buildConfigurationList = F17B095B2C3E451900887541 /* Build configuration list for PBXNativeTarget "Blue2" */;
			buildPhases = (
				F17B09482C3E451800887541 /* Sources */,
				F17B09492C3E451800887541 /* Frameworks */,
				F17B094A2C3E451800887541 /* Resources */,
				99F9716F2C40D1D100DCEC51 /* Embed Frameworks */,
			);
			buildRules = (
			);
			dependencies = (
			);
			name = Blue2;
			packageProductDependencies = (
				997C8E7A2C44CF4400470C42 /* SwiftyBeaver */,
			);
			productName = Blue2;
			productReference = F17B094C2C3E451800887541 /* Blue2.app */;
			productType = "com.apple.product-type.application";
		};
/* End PBXNativeTarget section */

/* Begin PBXProject section */
		F17B09442C3E451800887541 /* Project object */ = {
			isa = PBXProject;
			attributes = {
				BuildIndependentTargetsInParallel = 1;
				LastSwiftUpdateCheck = 1530;
				LastUpgradeCheck = 1530;
				TargetAttributes = {
					F17B094B2C3E451800887541 = {
						CreatedOnToolsVersion = 15.3;
					};
				};
			};
			buildConfigurationList = F17B09472C3E451800887541 /* Build configuration list for PBXProject "Blue2" */;
			compatibilityVersion = "Xcode 14.0";
			developmentRegion = en;
			hasScannedForEncodings = 0;
			knownRegions = (
				en,
				Base,
			);
			mainGroup = F17B09432C3E451800887541;
			packageReferences = (
				997C8E792C44CF4400470C42 /* XCRemoteSwiftPackageReference "SwiftyBeaver" */,
			);
			productRefGroup = F17B094D2C3E451800887541 /* Products */;
			projectDirPath = "";
			projectRoot = "";
			targets = (
				F17B094B2C3E451800887541 /* Blue2 */,
			);
		};
/* End PBXProject section */

/* Begin PBXResourcesBuildPhase section */
		F17B094A2C3E451800887541 /* Resources */ = {
			isa = PBXResourcesBuildPhase;
			buildActionMask = 2147483647;
			files = (
				F17B09582C3E451900887541 /* Preview Assets.xcassets in Resources */,
				F17B09542C3E451900887541 /* Assets.xcassets in Resources */,
			);
			runOnlyForDeploymentPostprocessing = 0;
		};
/* End PBXResourcesBuildPhase section */

/* Begin PBXSourcesBuildPhase section */
		F17B09482C3E451800887541 /* Sources */ = {
			isa = PBXSourcesBuildPhase;
			buildActionMask = 2147483647;
			files = (
				99F971812C40E58B00DCEC51 /* ChooseDayView.swift in Sources */,
				99F971612C3FBEF700DCEC51 /* OpenWeatherManager.swift in Sources */,
				99F9715C2C3FB7B300DCEC51 /* WeatherView.swift in Sources */,
				99F971852C40E59C00DCEC51 /* Weather.swift in Sources */,
				F17B09522C3E451800887541 /* ContentView.swift in Sources */,
				997C8E7D2C44DA8200470C42 /* LocationManagerDelegate.swift in Sources */,
				997C8E7F2C44DAE000470C42 /* LocationView.swift in Sources */,
				99F9717D2C40E57100DCEC51 /* BestTimeView.swift in Sources */,
				99F971782C40E49C00DCEC51 /* TableView.swift in Sources */,
				997C8E752C44CEED00470C42 /* LoggingService.swift in Sources */,
				997C8E782C44CF0C00470C42 /* LoggingProtocol.swift in Sources */,
				997C8E832C44DDA300470C42 /* WeatherManagerProtocol.swift in Sources */,
				99F971712C40DE4400DCEC51 /* PenmenCalculation.swift in Sources */,
				997C8E862C44E21E00470C42 /* DateUtility.swift in Sources */,
				99F971652C40C70F00DCEC51 /* EnvManager.swift in Sources */,
				99F9715F2C3FB7D500DCEC51 /* WeatherManager.swift in Sources */,
				A25E943B2C44C889008E922B /* WeatherViewModel.swift in Sources */,
				F17B09502C3E451800887541 /* Blue2App.swift in Sources */,
				A25E94392C44C870008E922B /* LocationManager.swift in Sources */,
			);
			runOnlyForDeploymentPostprocessing = 0;
		};
/* End PBXSourcesBuildPhase section */

/* Begin XCBuildConfiguration section */
		F17B09592C3E451900887541 /* Debug */ = {
			isa = XCBuildConfiguration;
			buildSettings = {
				ALWAYS_SEARCH_USER_PATHS = NO;
				ASSETCATALOG_COMPILER_GENERATE_SWIFT_ASSET_SYMBOL_EXTENSIONS = YES;
				CLANG_ANALYZER_NONNULL = YES;
				CLANG_ANALYZER_NUMBER_OBJECT_CONVERSION = YES_AGGRESSIVE;
				CLANG_CXX_LANGUAGE_STANDARD = "gnu++20";
				CLANG_ENABLE_MODULES = YES;
				CLANG_ENABLE_OBJC_ARC = YES;
				CLANG_ENABLE_OBJC_WEAK = YES;
				CLANG_WARN_BLOCK_CAPTURE_AUTORELEASING = YES;
				CLANG_WARN_BOOL_CONVERSION = YES;
				CLANG_WARN_COMMA = YES;
				CLANG_WARN_CONSTANT_CONVERSION = YES;
				CLANG_WARN_DEPRECATED_OBJC_IMPLEMENTATIONS = YES;
				CLANG_WARN_DIRECT_OBJC_ISA_USAGE = YES_ERROR;
				CLANG_WARN_DOCUMENTATION_COMMENTS = YES;
				CLANG_WARN_EMPTY_BODY = YES;
				CLANG_WARN_ENUM_CONVERSION = YES;
				CLANG_WARN_INFINITE_RECURSION = YES;
				CLANG_WARN_INT_CONVERSION = YES;
				CLANG_WARN_NON_LITERAL_NULL_CONVERSION = YES;
				CLANG_WARN_OBJC_IMPLICIT_RETAIN_SELF = YES;
				CLANG_WARN_OBJC_LITERAL_CONVERSION = YES;
				CLANG_WARN_OBJC_ROOT_CLASS = YES_ERROR;
				CLANG_WARN_QUOTED_INCLUDE_IN_FRAMEWORK_HEADER = YES;
				CLANG_WARN_RANGE_LOOP_ANALYSIS = YES;
				CLANG_WARN_STRICT_PROTOTYPES = YES;
				CLANG_WARN_SUSPICIOUS_MOVE = YES;
				CLANG_WARN_UNGUARDED_AVAILABILITY = YES_AGGRESSIVE;
				CLANG_WARN_UNREACHABLE_CODE = YES;
				CLANG_WARN__DUPLICATE_METHOD_MATCH = YES;
				COPY_PHASE_STRIP = NO;
				DEBUG_INFORMATION_FORMAT = dwarf;
				ENABLE_STRICT_OBJC_MSGSEND = YES;
				ENABLE_TESTABILITY = YES;
				ENABLE_USER_SCRIPT_SANDBOXING = YES;
				GCC_C_LANGUAGE_STANDARD = gnu17;
				GCC_DYNAMIC_NO_PIC = NO;
				GCC_NO_COMMON_BLOCKS = YES;
				GCC_OPTIMIZATION_LEVEL = 0;
				GCC_PREPROCESSOR_DEFINITIONS = (
					"DEBUG=1",
					"$(inherited)",
				);
				GCC_WARN_64_TO_32_BIT_CONVERSION = YES;
				GCC_WARN_ABOUT_RETURN_TYPE = YES_ERROR;
				GCC_WARN_UNDECLARED_SELECTOR = YES;
				GCC_WARN_UNINITIALIZED_AUTOS = YES_AGGRESSIVE;
				GCC_WARN_UNUSED_FUNCTION = YES;
				GCC_WARN_UNUSED_VARIABLE = YES;
				LOCALIZATION_PREFERS_STRING_CATALOGS = YES;
				MTL_ENABLE_DEBUG_INFO = INCLUDE_SOURCE;
				MTL_FAST_MATH = YES;
				ONLY_ACTIVE_ARCH = YES;
				SWIFT_ACTIVE_COMPILATION_CONDITIONS = "DEBUG $(inherited)";
				SWIFT_OPTIMIZATION_LEVEL = "-Onone";
			};
			name = Debug;
		};
		F17B095A2C3E451900887541 /* Release */ = {
			isa = XCBuildConfiguration;
			buildSettings = {
				ALWAYS_SEARCH_USER_PATHS = NO;
				ASSETCATALOG_COMPILER_GENERATE_SWIFT_ASSET_SYMBOL_EXTENSIONS = YES;
				CLANG_ANALYZER_NONNULL = YES;
				CLANG_ANALYZER_NUMBER_OBJECT_CONVERSION = YES_AGGRESSIVE;
				CLANG_CXX_LANGUAGE_STANDARD = "gnu++20";
				CLANG_ENABLE_MODULES = YES;
				CLANG_ENABLE_OBJC_ARC = YES;
				CLANG_ENABLE_OBJC_WEAK = YES;
				CLANG_WARN_BLOCK_CAPTURE_AUTORELEASING = YES;
				CLANG_WARN_BOOL_CONVERSION = YES;
				CLANG_WARN_COMMA = YES;
				CLANG_WARN_CONSTANT_CONVERSION = YES;
				CLANG_WARN_DEPRECATED_OBJC_IMPLEMENTATIONS = YES;
				CLANG_WARN_DIRECT_OBJC_ISA_USAGE = YES_ERROR;
				CLANG_WARN_DOCUMENTATION_COMMENTS = YES;
				CLANG_WARN_EMPTY_BODY = YES;
				CLANG_WARN_ENUM_CONVERSION = YES;
				CLANG_WARN_INFINITE_RECURSION = YES;
				CLANG_WARN_INT_CONVERSION = YES;
				CLANG_WARN_NON_LITERAL_NULL_CONVERSION = YES;
				CLANG_WARN_OBJC_IMPLICIT_RETAIN_SELF = YES;
				CLANG_WARN_OBJC_LITERAL_CONVERSION = YES;
				CLANG_WARN_OBJC_ROOT_CLASS = YES_ERROR;
				CLANG_WARN_QUOTED_INCLUDE_IN_FRAMEWORK_HEADER = YES;
				CLANG_WARN_RANGE_LOOP_ANALYSIS = YES;
				CLANG_WARN_STRICT_PROTOTYPES = YES;
				CLANG_WARN_SUSPICIOUS_MOVE = YES;
				CLANG_WARN_UNGUARDED_AVAILABILITY = YES_AGGRESSIVE;
				CLANG_WARN_UNREACHABLE_CODE = YES;
				CLANG_WARN__DUPLICATE_METHOD_MATCH = YES;
				COPY_PHASE_STRIP = NO;
				DEBUG_INFORMATION_FORMAT = "dwarf-with-dsym";
				ENABLE_NS_ASSERTIONS = NO;
				ENABLE_STRICT_OBJC_MSGSEND = YES;
				ENABLE_USER_SCRIPT_SANDBOXING = YES;
				GCC_C_LANGUAGE_STANDARD = gnu17;
				GCC_NO_COMMON_BLOCKS = YES;
				GCC_WARN_64_TO_32_BIT_CONVERSION = YES;
				GCC_WARN_ABOUT_RETURN_TYPE = YES_ERROR;
				GCC_WARN_UNDECLARED_SELECTOR = YES;
				GCC_WARN_UNINITIALIZED_AUTOS = YES_AGGRESSIVE;
				GCC_WARN_UNUSED_FUNCTION = YES;
				GCC_WARN_UNUSED_VARIABLE = YES;
				LOCALIZATION_PREFERS_STRING_CATALOGS = YES;
				MTL_ENABLE_DEBUG_INFO = NO;
				MTL_FAST_MATH = YES;
				SWIFT_COMPILATION_MODE = wholemodule;
			};
			name = Release;
		};
		F17B095C2C3E451900887541 /* Debug */ = {
			isa = XCBuildConfiguration;
			buildSettings = {
				ASSETCATALOG_COMPILER_APPICON_NAME = AppIcon;
				ASSETCATALOG_COMPILER_GLOBAL_ACCENT_COLOR_NAME = AccentColor;
				CODE_SIGN_ENTITLEMENTS = Blue2/Blue2.entitlements;
				CODE_SIGN_STYLE = Automatic;
				CURRENT_PROJECT_VERSION = 1;
				DEVELOPMENT_ASSET_PATHS = "\"Blue2/Preview Content\"";
				DEVELOPMENT_TEAM = 5V847CY3JM;
				ENABLE_HARDENED_RUNTIME = YES;
				ENABLE_PREVIEWS = YES;
				GENERATE_INFOPLIST_FILE = YES;
				INFOPLIST_KEY_NSLocationWhenInUseUsageDescription = "To get the weather for your location";
				"INFOPLIST_KEY_UIApplicationSceneManifest_Generation[sdk=iphoneos*]" = YES;
				"INFOPLIST_KEY_UIApplicationSceneManifest_Generation[sdk=iphonesimulator*]" = YES;
				"INFOPLIST_KEY_UIApplicationSupportsIndirectInputEvents[sdk=iphoneos*]" = YES;
				"INFOPLIST_KEY_UIApplicationSupportsIndirectInputEvents[sdk=iphonesimulator*]" = YES;
				"INFOPLIST_KEY_UILaunchScreen_Generation[sdk=iphoneos*]" = YES;
				"INFOPLIST_KEY_UILaunchScreen_Generation[sdk=iphonesimulator*]" = YES;
				"INFOPLIST_KEY_UIStatusBarStyle[sdk=iphoneos*]" = UIStatusBarStyleDefault;
				"INFOPLIST_KEY_UIStatusBarStyle[sdk=iphonesimulator*]" = UIStatusBarStyleDefault;
				INFOPLIST_KEY_UISupportedInterfaceOrientations_iPad = "UIInterfaceOrientationPortrait UIInterfaceOrientationPortraitUpsideDown UIInterfaceOrientationLandscapeLeft UIInterfaceOrientationLandscapeRight";
				INFOPLIST_KEY_UISupportedInterfaceOrientations_iPhone = "UIInterfaceOrientationPortrait UIInterfaceOrientationLandscapeLeft UIInterfaceOrientationLandscapeRight";
				IPHONEOS_DEPLOYMENT_TARGET = 17.2;
				LD_RUNPATH_SEARCH_PATHS = "@executable_path/Frameworks";
				"LD_RUNPATH_SEARCH_PATHS[sdk=macosx*]" = "@executable_path/../Frameworks";
				MACOSX_DEPLOYMENT_TARGET = 14.4;
				MARKETING_VERSION = 1.0;
				PRODUCT_BUNDLE_IDENTIFIER = com.blue2.wedry;
				PRODUCT_NAME = "$(TARGET_NAME)";
				SDKROOT = auto;
				SUPPORTED_PLATFORMS = "iphoneos iphonesimulator";
				SUPPORTS_MACCATALYST = NO;
				SWIFT_EMIT_LOC_STRINGS = YES;
				SWIFT_VERSION = 5.0;
				TARGETED_DEVICE_FAMILY = "1,2";
			};
			name = Debug;
		};
		F17B095D2C3E451900887541 /* Release */ = {
			isa = XCBuildConfiguration;
			buildSettings = {
				ASSETCATALOG_COMPILER_APPICON_NAME = AppIcon;
				ASSETCATALOG_COMPILER_GLOBAL_ACCENT_COLOR_NAME = AccentColor;
				CODE_SIGN_ENTITLEMENTS = Blue2/Blue2.entitlements;
				CODE_SIGN_STYLE = Automatic;
				CURRENT_PROJECT_VERSION = 1;
				DEVELOPMENT_ASSET_PATHS = "\"Blue2/Preview Content\"";
				DEVELOPMENT_TEAM = 5V847CY3JM;
				ENABLE_HARDENED_RUNTIME = YES;
				ENABLE_PREVIEWS = YES;
				GENERATE_INFOPLIST_FILE = YES;
				INFOPLIST_KEY_NSLocationWhenInUseUsageDescription = "To get the weather for your location";
				"INFOPLIST_KEY_UIApplicationSceneManifest_Generation[sdk=iphoneos*]" = YES;
				"INFOPLIST_KEY_UIApplicationSceneManifest_Generation[sdk=iphonesimulator*]" = YES;
				"INFOPLIST_KEY_UIApplicationSupportsIndirectInputEvents[sdk=iphoneos*]" = YES;
				"INFOPLIST_KEY_UIApplicationSupportsIndirectInputEvents[sdk=iphonesimulator*]" = YES;
				"INFOPLIST_KEY_UILaunchScreen_Generation[sdk=iphoneos*]" = YES;
				"INFOPLIST_KEY_UILaunchScreen_Generation[sdk=iphonesimulator*]" = YES;
				"INFOPLIST_KEY_UIStatusBarStyle[sdk=iphoneos*]" = UIStatusBarStyleDefault;
				"INFOPLIST_KEY_UIStatusBarStyle[sdk=iphonesimulator*]" = UIStatusBarStyleDefault;
				INFOPLIST_KEY_UISupportedInterfaceOrientations_iPad = "UIInterfaceOrientationPortrait UIInterfaceOrientationPortraitUpsideDown UIInterfaceOrientationLandscapeLeft UIInterfaceOrientationLandscapeRight";
				INFOPLIST_KEY_UISupportedInterfaceOrientations_iPhone = "UIInterfaceOrientationPortrait UIInterfaceOrientationLandscapeLeft UIInterfaceOrientationLandscapeRight";
				IPHONEOS_DEPLOYMENT_TARGET = 17.2;
				LD_RUNPATH_SEARCH_PATHS = "@executable_path/Frameworks";
				"LD_RUNPATH_SEARCH_PATHS[sdk=macosx*]" = "@executable_path/../Frameworks";
				MACOSX_DEPLOYMENT_TARGET = 14.4;
				MARKETING_VERSION = 1.0;
				PRODUCT_BUNDLE_IDENTIFIER = com.blue2.wedry;
				PRODUCT_NAME = "$(TARGET_NAME)";
				SDKROOT = auto;
				SUPPORTED_PLATFORMS = "iphoneos iphonesimulator";
				SUPPORTS_MACCATALYST = NO;
				SWIFT_EMIT_LOC_STRINGS = YES;
				SWIFT_VERSION = 5.0;
				TARGETED_DEVICE_FAMILY = "1,2";
			};
			name = Release;
		};
/* End XCBuildConfiguration section */

/* Begin XCConfigurationList section */
		F17B09472C3E451800887541 /* Build configuration list for PBXProject "Blue2" */ = {
			isa = XCConfigurationList;
			buildConfigurations = (
				F17B09592C3E451900887541 /* Debug */,
				F17B095A2C3E451900887541 /* Release */,
			);
			defaultConfigurationIsVisible = 0;
			defaultConfigurationName = Release;
		};
		F17B095B2C3E451900887541 /* Build configuration list for PBXNativeTarget "Blue2" */ = {
			isa = XCConfigurationList;
			buildConfigurations = (
				F17B095C2C3E451900887541 /* Debug */,
				F17B095D2C3E451900887541 /* Release */,
			);
			defaultConfigurationIsVisible = 0;
			defaultConfigurationName = Release;
		};
/* End XCConfigurationList section */

/* Begin XCRemoteSwiftPackageReference section */
		997C8E792C44CF4400470C42 /* XCRemoteSwiftPackageReference "SwiftyBeaver" */ = {
			isa = XCRemoteSwiftPackageReference;
			repositoryURL = "https://github.com/SwiftyBeaver/SwiftyBeaver";
			requirement = {
				kind = upToNextMajorVersion;
				minimumVersion = 2.1.1;
			};
		};
/* End XCRemoteSwiftPackageReference section */

/* Begin XCSwiftPackageProductDependency section */
		997C8E7A2C44CF4400470C42 /* SwiftyBeaver */ = {
			isa = XCSwiftPackageProductDependency;
			package = 997C8E792C44CF4400470C42 /* XCRemoteSwiftPackageReference "SwiftyBeaver" */;
			productName = SwiftyBeaver;
		};
/* End XCSwiftPackageProductDependency section */
	};
	rootObject = F17B09442C3E451800887541 /* Project object */;
}
